
Microsoft Visual Studio Solution File, Format Version 12.00
# Visual Studio Version 17
VisualStudioVersion = 17.5.002.0
MinimumVisualStudioVersion = 10.0.40219.1
Project("{9A19103F-16F7-4668-BE54-9A1E7A4F7556}") = "PlatformService", "PlatformService.csproj", "{F7AB9F30-1914-4539-A933-3DA3BD4574E7}"
EndProject
Global
	GlobalSection(SolutionConfigurationPlatforms) = preSolution
		Debug|Any CPU = Debug|Any CPU
		Release|Any CPU = Release|Any CPU
	EndGlobalSection
	GlobalSection(ProjectConfigurationPlatforms) = postSolution
		{F7AB9F30-1914-4539-A933-3DA3BD4574E7}.Debug|Any CPU.ActiveCfg = Debug|Any CPU
		{F7AB9F30-1914-4539-A933-3DA3BD4574E7}.Debug|Any CPU.Build.0 = Debug|Any CPU
		{F7AB9F30-1914-4539-A933-3DA3BD4574E7}.Release|Any CPU.ActiveCfg = Release|Any CPU
		{F7AB9F30-1914-4539-A933-3DA3BD4574E7}.Release|Any CPU.Build.0 = Release|Any CPU
	EndGlobalSection
	GlobalSection(SolutionProperties) = preSolution
		HideSolutionNode = FALSE
	EndGlobalSection
	GlobalSection(ExtensibilityGlobals) = postSolution
		SolutionGuid = {43F0F58B-3E17-4209-BEE0-42BB6CA78E4D}
	EndGlobalSection
EndGlobal
